
Microsoft Visual Studio Solution File, Format Version 12.00
# Visual Studio Version 16
VisualStudioVersion = 16.0.29102.190
MinimumVisualStudioVersion = 10.0.40219.1
Project("{9A19103F-16F7-4668-BE54-9A1E7A4F7556}") = "Consumer", "Consumer\Consumer.csproj", "{E06BF091-9EEC-4A57-89D7-750D1D727792}"
EndProject
Project("{FAE04EC0-301F-11D3-BF4B-00C04F79EFBC}") = "Producer", "Producer\Producer.csproj", "{4413051A-FDF0-4521-BB4B-74312A6E0384}"
EndProject
Global
	GlobalSection(SolutionConfigurationPlatforms) = preSolution
		Debug|Any CPU = Debug|Any CPU
		Release|Any CPU = Release|Any CPU
	EndGlobalSection
	GlobalSection(ProjectConfigurationPlatforms) = postSolution
		{E06BF091-9EEC-4A57-89D7-750D1D727792}.Debug|Any CPU.ActiveCfg = Debug|Any CPU
		{E06BF091-9EEC-4A57-89D7-750D1D727792}.Debug|Any CPU.Build.0 = Debug|Any CPU
		{E06BF091-9EEC-4A57-89D7-750D1D727792}.Release|Any CPU.ActiveCfg = Release|Any CPU
		{E06BF091-9EEC-4A57-89D7-750D1D727792}.Release|Any CPU.Build.0 = Release|Any CPU
		{4413051A-FDF0-4521-BB4B-74312A6E0384}.Debug|Any CPU.ActiveCfg = Debug|Any CPU
		{4413051A-FDF0-4521-BB4B-74312A6E0384}.Debug|Any CPU.Build.0 = Debug|Any CPU
		{4413051A-FDF0-4521-BB4B-74312A6E0384}.Release|Any CPU.ActiveCfg = Release|Any CPU
		{4413051A-FDF0-4521-BB4B-74312A6E0384}.Release|Any CPU.Build.0 = Release|Any CPU
	EndGlobalSection
	GlobalSection(SolutionProperties) = preSolution
		HideSolutionNode = FALSE
	EndGlobalSection
	GlobalSection(ExtensibilityGlobals) = postSolution
		SolutionGuid = {89FB7DA7-3EFF-467E-92F7-A28DA5608EEF}
	EndGlobalSection
EndGlobal
